// !$*UTF8*$!
{
	archiveVersion = 1;
	classes = {
	};
	objectVersion = 55;
	objects = {

/* Begin PBXBuildFile section */
		A681D409289F358D00B9666C /* VideoFounderApp.swift in Sources */ = {isa = PBXBuildFile; fileRef = A681D408289F358D00B9666C /* VideoFounderApp.swift */; };
		A681D40B289F358D00B9666C /* ContentView.swift in Sources */ = {isa = PBXBuildFile; fileRef = A681D40A289F358D00B9666C /* ContentView.swift */; };
		A681D40D289F358F00B9666C /* Assets.xcassets in Resources */ = {isa = PBXBuildFile; fileRef = A681D40C289F358F00B9666C /* Assets.xcassets */; };
		A681D410289F358F00B9666C /* Preview Assets.xcassets in Resources */ = {isa = PBXBuildFile; fileRef = A681D40F289F358F00B9666C /* Preview Assets.xcassets */; };
		A681D417289F35DB00B9666C /* VideoCard.swift in Sources */ = {isa = PBXBuildFile; fileRef = A681D416289F35DB00B9666C /* VideoCard.swift */; };
		A681D41A289F393B00B9666C /* VideosView.swift in Sources */ = {isa = PBXBuildFile; fileRef = A681D419289F393B00B9666C /* VideosView.swift */; };
		A681D41D289F397000B9666C /* videoData.json in Resources */ = {isa = PBXBuildFile; fileRef = A681D41C289F397000B9666C /* videoData.json */; };
		A681D41F289F398E00B9666C /* VideoModel.swift in Sources */ = {isa = PBXBuildFile; fileRef = A681D41E289F398E00B9666C /* VideoModel.swift */; };
		A681D421289F3A2100B9666C /* VideoFetching.swift in Sources */ = {isa = PBXBuildFile; fileRef = A681D420289F3A2100B9666C /* VideoFetching.swift */; };
		A681D423289F40B100B9666C /* VideoPreview.swift in Sources */ = {isa = PBXBuildFile; fileRef = A681D422289F40B100B9666C /* VideoPreview.swift */; };
		A681D425289FFD1B00B9666C /* Network.swift in Sources */ = {isa = PBXBuildFile; fileRef = A681D424289FFD1B00B9666C /* Network.swift */; };
		A681D42828A0596100B9666C /* TagView.swift in Sources */ = {isa = PBXBuildFile; fileRef = A681D42728A0596100B9666C /* TagView.swift */; };
/* End PBXBuildFile section */

/* Begin PBXFileReference section */
		A681D405289F358D00B9666C /* VideoFounder.app */ = {isa = PBXFileReference; explicitFileType = wrapper.application; includeInIndex = 0; path = VideoFounder.app; sourceTree = BUILT_PRODUCTS_DIR; };
		A681D408289F358D00B9666C /* VideoFounderApp.swift */ = {isa = PBXFileReference; lastKnownFileType = sourcecode.swift; path = VideoFounderApp.swift; sourceTree = "<group>"; };
		A681D40A289F358D00B9666C /* ContentView.swift */ = {isa = PBXFileReference; lastKnownFileType = sourcecode.swift; path = ContentView.swift; sourceTree = "<group>"; };
		A681D40C289F358F00B9666C /* Assets.xcassets */ = {isa = PBXFileReference; lastKnownFileType = folder.assetcatalog; path = Assets.xcassets; sourceTree = "<group>"; };
		A681D40F289F358F00B9666C /* Preview Assets.xcassets */ = {isa = PBXFileReference; lastKnownFileType = folder.assetcatalog; path = "Preview Assets.xcassets"; sourceTree = "<group>"; };
		A681D416289F35DB00B9666C /* VideoCard.swift */ = {isa = PBXFileReference; lastKnownFileType = sourcecode.swift; path = VideoCard.swift; sourceTree = "<group>"; };
		A681D419289F393B00B9666C /* VideosView.swift */ = {isa = PBXFileReference; lastKnownFileType = sourcecode.swift; path = VideosView.swift; sourceTree = "<group>"; };
		A681D41C289F397000B9666C /* videoData.json */ = {isa = PBXFileReference; lastKnownFileType = text.json; path = videoData.json; sourceTree = "<group>"; };
		A681D41E289F398E00B9666C /* VideoModel.swift */ = {isa = PBXFileReference; lastKnownFileType = sourcecode.swift; path = VideoModel.swift; sourceTree = "<group>"; };
		A681D420289F3A2100B9666C /* VideoFetching.swift */ = {isa = PBXFileReference; lastKnownFileType = sourcecode.swift; path = VideoFetching.swift; sourceTree = "<group>"; };
		A681D422289F40B100B9666C /* VideoPreview.swift */ = {isa = PBXFileReference; lastKnownFileType = sourcecode.swift; path = VideoPreview.swift; sourceTree = "<group>"; };
		A681D424289FFD1B00B9666C /* Network.swift */ = {isa = PBXFileReference; lastKnownFileType = sourcecode.swift; path = Network.swift; sourceTree = "<group>"; };
		A681D42728A0596100B9666C /* TagView.swift */ = {isa = PBXFileReference; lastKnownFileType = sourcecode.swift; path = TagView.swift; sourceTree = "<group>"; };
/* End PBXFileReference section */

/* Begin PBXFrameworksBuildPhase section */
		A681D402289F358D00B9666C /* Frameworks */ = {
			isa = PBXFrameworksBuildPhase;
			buildActionMask = 2147483647;
			files = (
			);
			runOnlyForDeploymentPostprocessing = 0;
		};
/* End PBXFrameworksBuildPhase section */

/* Begin PBXGroup section */
		A681D3FC289F358D00B9666C = {
			isa = PBXGroup;
			children = (
				A681D41E289F398E00B9666C /* VideoModel.swift */,
				A681D420289F3A2100B9666C /* VideoFetching.swift */,
				A681D424289FFD1B00B9666C /* Network.swift */,
				A681D407289F358D00B9666C /* VideoFounder */,
				A681D406289F358D00B9666C /* Products */,
			);
			sourceTree = "<group>";
		};
		A681D406289F358D00B9666C /* Products */ = {
			isa = PBXGroup;
			children = (
				A681D405289F358D00B9666C /* VideoFounder.app */,
			);
			name = Products;
			sourceTree = "<group>";
		};
		A681D407289F358D00B9666C /* VideoFounder */ = {
			isa = PBXGroup;
			children = (
				A681D408289F358D00B9666C /* VideoFounderApp.swift */,
				A681D40A289F358D00B9666C /* ContentView.swift */,
				A681D41B289F394300B9666C /* Views */,
				A681D418289F392800B9666C /* Component */,
				A681D40C289F358F00B9666C /* Assets.xcassets */,
				A681D41C289F397000B9666C /* videoData.json */,
				A681D40E289F358F00B9666C /* Preview Content */,
			);
			path = VideoFounder;
			sourceTree = "<group>";
		};
		A681D40E289F358F00B9666C /* Preview Content */ = {
			isa = PBXGroup;
			children = (
				A681D40F289F358F00B9666C /* Preview Assets.xcassets */,
			);
			path = "Preview Content";
			sourceTree = "<group>";
		};
		A681D418289F392800B9666C /* Component */ = {
			isa = PBXGroup;
			children = (
				A681D416289F35DB00B9666C /* VideoCard.swift */,
				A681D42728A0596100B9666C /* TagView.swift */,
			);
			path = Component;
			sourceTree = "<group>";
		};
		A681D41B289F394300B9666C /* Views */ = {
			isa = PBXGroup;
			children = (
				A681D422289F40B100B9666C /* VideoPreview.swift */,
				A681D419289F393B00B9666C /* VideosView.swift */,
			);
			path = Views;
			sourceTree = "<group>";
		};
/* End PBXGroup section */

/* Begin PBXNativeTarget section */
		A681D404289F358D00B9666C /* VideoFounder */ = {
			isa = PBXNativeTarget;
			buildConfigurationList = A681D413289F358F00B9666C /* Build configuration list for PBXNativeTarget "VideoFounder" */;
			buildPhases = (
				A681D401289F358D00B9666C /* Sources */,
				A681D402289F358D00B9666C /* Frameworks */,
				A681D403289F358D00B9666C /* Resources */,
			);
			buildRules = (
			);
			dependencies = (
			);
			name = VideoFounder;
			productName = VideoFounder;
			productReference = A681D405289F358D00B9666C /* VideoFounder.app */;
			productType = "com.apple.product-type.application";
		};
/* End PBXNativeTarget section */

/* Begin PBXProject section */
		A681D3FD289F358D00B9666C /* Project object */ = {
			isa = PBXProject;
			attributes = {
				BuildIndependentTargetsInParallel = 1;
				LastSwiftUpdateCheck = 1320;
				LastUpgradeCheck = 1320;
				TargetAttributes = {
					A681D404289F358D00B9666C = {
						CreatedOnToolsVersion = 13.2.1;
					};
				};
			};
			buildConfigurationList = A681D400289F358D00B9666C /* Build configuration list for PBXProject "VideoFounder" */;
			compatibilityVersion = "Xcode 13.0";
			developmentRegion = en;
			hasScannedForEncodings = 0;
			knownRegions = (
				en,
				Base,
			);
			mainGroup = A681D3FC289F358D00B9666C;
			packageReferences = (
			);
			productRefGroup = A681D406289F358D00B9666C /* Products */;
			projectDirPath = "";
			projectRoot = "";
			targets = (
				A681D404289F358D00B9666C /* VideoFounder */,
			);
		};
/* End PBXProject section */

/* Begin PBXResourcesBuildPhase section */
		A681D403289F358D00B9666C /* Resources */ = {
			isa = PBXResourcesBuildPhase;
			buildActionMask = 2147483647;
			files = (
				A681D410289F358F00B9666C /* Preview Assets.xcassets in Resources */,
				A681D40D289F358F00B9666C /* Assets.xcassets in Resources */,
				A681D41D289F397000B9666C /* videoData.json in Resources */,
			);
			runOnlyForDeploymentPostprocessing = 0;
		};
/* End PBXResourcesBuildPhase section */

/* Begin PBXSourcesBuildPhase section */
		A681D401289F358D00B9666C /* Sources */ = {
			isa = PBXSourcesBuildPhase;
			buildActionMask = 2147483647;
			files = (
				A681D41A289F393B00B9666C /* VideosView.swift in Sources */,
				A681D40B289F358D00B9666C /* ContentView.swift in Sources */,
				A681D425289FFD1B00B9666C /* Network.swift in Sources */,
				A681D417289F35DB00B9666C /* VideoCard.swift in Sources */,
				A681D421289F3A2100B9666C /* VideoFetching.swift in Sources */,
				A681D41F289F398E00B9666C /* VideoModel.swift in Sources */,
				A681D423289F40B100B9666C /* VideoPreview.swift in Sources */,
				A681D409289F358D00B9666C /* VideoFounderApp.swift in Sources */,
				A681D42828A0596100B9666C /* TagView.swift in Sources */,
			);
			runOnlyForDeploymentPostprocessing = 0;
		};
/* End PBXSourcesBuildPhase section */

/* Begin XCBuildConfiguration section */
		A681D411289F358F00B9666C /* Debug */ = {
			isa = XCBuildConfiguration;
			buildSettings = {
				ALWAYS_SEARCH_USER_PATHS = NO;
				CLANG_ANALYZER_NONNULL = YES;
				CLANG_ANALYZER_NUMBER_OBJECT_CONVERSION = YES_AGGRESSIVE;
				CLANG_CXX_LANGUAGE_STANDARD = "gnu++17";
				CLANG_CXX_LIBRARY = "libc++";
				CLANG_ENABLE_MODULES = YES;
				CLANG_ENABLE_OBJC_ARC = YES;
				CLANG_ENABLE_OBJC_WEAK = YES;
				CLANG_WARN_BLOCK_CAPTURE_AUTORELEASING = YES;
				CLANG_WARN_BOOL_CONVERSION = YES;
				CLANG_WARN_COMMA = YES;
				CLANG_WARN_CONSTANT_CONVERSION = YES;
				CLANG_WARN_DEPRECATED_OBJC_IMPLEMENTATIONS = YES;
				CLANG_WARN_DIRECT_OBJC_ISA_USAGE = YES_ERROR;
				CLANG_WARN_DOCUMENTATION_COMMENTS = YES;
				CLANG_WARN_EMPTY_BODY = YES;
				CLANG_WARN_ENUM_CONVERSION = YES;
				CLANG_WARN_INFINITE_RECURSION = YES;
				CLANG_WARN_INT_CONVERSION = YES;
				CLANG_WARN_NON_LITERAL_NULL_CONVERSION = YES;
				CLANG_WARN_OBJC_IMPLICIT_RETAIN_SELF = YES;
				CLANG_WARN_OBJC_LITERAL_CONVERSION = YES;
				CLANG_WARN_OBJC_ROOT_CLASS = YES_ERROR;
				CLANG_WARN_QUOTED_INCLUDE_IN_FRAMEWORK_HEADER = YES;
				CLANG_WARN_RANGE_LOOP_ANALYSIS = YES;
				CLANG_WARN_STRICT_PROTOTYPES = YES;
				CLANG_WARN_SUSPICIOUS_MOVE = YES;
				CLANG_WARN_UNGUARDED_AVAILABILITY = YES_AGGRESSIVE;
				CLANG_WARN_UNREACHABLE_CODE = YES;
				CLANG_WARN__DUPLICATE_METHOD_MATCH = YES;
				COPY_PHASE_STRIP = NO;
				DEBUG_INFORMATION_FORMAT = dwarf;
				ENABLE_STRICT_OBJC_MSGSEND = YES;
				ENABLE_TESTABILITY = YES;
				GCC_C_LANGUAGE_STANDARD = gnu11;
				GCC_DYNAMIC_NO_PIC = NO;
				GCC_NO_COMMON_BLOCKS = YES;
				GCC_OPTIMIZATION_LEVEL = 0;
				GCC_PREPROCESSOR_DEFINITIONS = (
					"DEBUG=1",
					"$(inherited)",
				);
				GCC_WARN_64_TO_32_BIT_CONVERSION = YES;
				GCC_WARN_ABOUT_RETURN_TYPE = YES_ERROR;
				GCC_WARN_UNDECLARED_SELECTOR = YES;
				GCC_WARN_UNINITIALIZED_AUTOS = YES_AGGRESSIVE;
				GCC_WARN_UNUSED_FUNCTION = YES;
				GCC_WARN_UNUSED_VARIABLE = YES;
				IPHONEOS_DEPLOYMENT_TARGET = 15.2;
				MTL_ENABLE_DEBUG_INFO = INCLUDE_SOURCE;
				MTL_FAST_MATH = YES;
				ONLY_ACTIVE_ARCH = YES;
				SDKROOT = iphoneos;
				SWIFT_ACTIVE_COMPILATION_CONDITIONS = DEBUG;
				SWIFT_OPTIMIZATION_LEVEL = "-Onone";
			};
			name = Debug;
		};
		A681D412289F358F00B9666C /* Release */ = {
			isa = XCBuildConfiguration;
			buildSettings = {
				ALWAYS_SEARCH_USER_PATHS = NO;
				CLANG_ANALYZER_NONNULL = YES;
				CLANG_ANALYZER_NUMBER_OBJECT_CONVERSION = YES_AGGRESSIVE;
				CLANG_CXX_LANGUAGE_STANDARD = "gnu++17";
				CLANG_CXX_LIBRARY = "libc++";
				CLANG_ENABLE_MODULES = YES;
				CLANG_ENABLE_OBJC_ARC = YES;
				CLANG_ENABLE_OBJC_WEAK = YES;
				CLANG_WARN_BLOCK_CAPTURE_AUTORELEASING = YES;
				CLANG_WARN_BOOL_CONVERSION = YES;
				CLANG_WARN_COMMA = YES;
				CLANG_WARN_CONSTANT_CONVERSION = YES;
				CLANG_WARN_DEPRECATED_OBJC_IMPLEMENTATIONS = YES;
				CLANG_WARN_DIRECT_OBJC_ISA_USAGE = YES_ERROR;
				CLANG_WARN_DOCUMENTATION_COMMENTS = YES;
				CLANG_WARN_EMPTY_BODY = YES;
				CLANG_WARN_ENUM_CONVERSION = YES;
				CLANG_WARN_INFINITE_RECURSION = YES;
				CLANG_WARN_INT_CONVERSION = YES;
				CLANG_WARN_NON_LITERAL_NULL_CONVERSION = YES;
				CLANG_WARN_OBJC_IMPLICIT_RETAIN_SELF = YES;
				CLANG_WARN_OBJC_LITERAL_CONVERSION = YES;
				CLANG_WARN_OBJC_ROOT_CLASS = YES_ERROR;
				CLANG_WARN_QUOTED_INCLUDE_IN_FRAMEWORK_HEADER = YES;
				CLANG_WARN_RANGE_LOOP_ANALYSIS = YES;
				CLANG_WARN_STRICT_PROTOTYPES = YES;
				CLANG_WARN_SUSPICIOUS_MOVE = YES;
				CLANG_WARN_UNGUARDED_AVAILABILITY = YES_AGGRESSIVE;
				CLANG_WARN_UNREACHABLE_CODE = YES;
				CLANG_WARN__DUPLICATE_METHOD_MATCH = YES;
				COPY_PHASE_STRIP = NO;
				DEBUG_INFORMATION_FORMAT = "dwarf-with-dsym";
				ENABLE_NS_ASSERTIONS = NO;
				ENABLE_STRICT_OBJC_MSGSEND = YES;
				GCC_C_LANGUAGE_STANDARD = gnu11;
				GCC_NO_COMMON_BLOCKS = YES;
				GCC_WARN_64_TO_32_BIT_CONVERSION = YES;
				GCC_WARN_ABOUT_RETURN_TYPE = YES_ERROR;
				GCC_WARN_UNDECLARED_SELECTOR = YES;
				GCC_WARN_UNINITIALIZED_AUTOS = YES_AGGRESSIVE;
				GCC_WARN_UNUSED_FUNCTION = YES;
				GCC_WARN_UNUSED_VARIABLE = YES;
				IPHONEOS_DEPLOYMENT_TARGET = 15.2;
				MTL_ENABLE_DEBUG_INFO = NO;
				MTL_FAST_MATH = YES;
				SDKROOT = iphoneos;
				SWIFT_COMPILATION_MODE = wholemodule;
				SWIFT_OPTIMIZATION_LEVEL = "-O";
				VALIDATE_PRODUCT = YES;
			};
			name = Release;
		};
		A681D414289F358F00B9666C /* Debug */ = {
			isa = XCBuildConfiguration;
			buildSettings = {
				ASSETCATALOG_COMPILER_APPICON_NAME = AppIcon;
				ASSETCATALOG_COMPILER_GLOBAL_ACCENT_COLOR_NAME = AccentColor;
				CODE_SIGN_STYLE = Automatic;
				CURRENT_PROJECT_VERSION = 1;
				DEVELOPMENT_ASSET_PATHS = "\"VideoFounder/Preview Content\"";
				DEVELOPMENT_TEAM = 437XH2568Z;
				ENABLE_PREVIEWS = YES;
				GENERATE_INFOPLIST_FILE = YES;
				INFOPLIST_KEY_UIApplicationSceneManifest_Generation = YES;
				INFOPLIST_KEY_UIApplicationSupportsIndirectInputEvents = YES;
				INFOPLIST_KEY_UILaunchScreen_Generation = YES;
				INFOPLIST_KEY_UISupportedInterfaceOrientations_iPad = "UIInterfaceOrientationPortrait UIInterfaceOrientationPortraitUpsideDown UIInterfaceOrientationLandscapeLeft UIInterfaceOrientationLandscapeRight";
				INFOPLIST_KEY_UISupportedInterfaceOrientations_iPhone = "UIInterfaceOrientationPortrait UIInterfaceOrientationLandscapeLeft UIInterfaceOrientationLandscapeRight";
				LD_RUNPATH_SEARCH_PATHS = (
					"$(inherited)",
					"@executable_path/Frameworks",
				);
				MARKETING_VERSION = 1.0;
				PRODUCT_BUNDLE_IDENTIFIER = com.lukasalipur.VideoFounder;
				PRODUCT_NAME = "$(TARGET_NAME)";
				SWIFT_EMIT_LOC_STRINGS = YES;
				SWIFT_VERSION = 5.0;
				TARGETED_DEVICE_FAMILY = "1,2";
			};
			name = Debug;
		};
		A681D415289F358F00B9666C /* Release */ = {
			isa = XCBuildConfiguration;
			buildSettings = {
				ASSETCATALOG_COMPILER_APPICON_NAME = AppIcon;
				ASSETCATALOG_COMPILER_GLOBAL_ACCENT_COLOR_NAME = AccentColor;
				CODE_SIGN_STYLE = Automatic;
				CURRENT_PROJECT_VERSION = 1;
				DEVELOPMENT_ASSET_PATHS = "\"VideoFounder/Preview Content\"";
				DEVELOPMENT_TEAM = 437XH2568Z;
				ENABLE_PREVIEWS = YES;
				GENERATE_INFOPLIST_FILE = YES;
				INFOPLIST_KEY_UIApplicationSceneManifest_Generation = YES;
				INFOPLIST_KEY_UIApplicationSupportsIndirectInputEvents = YES;
				INFOPLIST_KEY_UILaunchScreen_Generation = YES;
				INFOPLIST_KEY_UISupportedInterfaceOrientations_iPad = "UIInterfaceOrientationPortrait UIInterfaceOrientationPortraitUpsideDown UIInterfaceOrientationLandscapeLeft UIInterfaceOrientationLandscapeRight";
				INFOPLIST_KEY_UISupportedInterfaceOrientations_iPhone = "UIInterfaceOrientationPortrait UIInterfaceOrientationLandscapeLeft UIInterfaceOrientationLandscapeRight";
				LD_RUNPATH_SEARCH_PATHS = (
					"$(inherited)",
					"@executable_path/Frameworks",
				);
				MARKETING_VERSION = 1.0;
				PRODUCT_BUNDLE_IDENTIFIER = com.lukasalipur.VideoFounder;
				PRODUCT_NAME = "$(TARGET_NAME)";
				SWIFT_EMIT_LOC_STRINGS = YES;
				SWIFT_VERSION = 5.0;
				TARGETED_DEVICE_FAMILY = "1,2";
			};
			name = Release;
		};
/* End XCBuildConfiguration section */

/* Begin XCConfigurationList section */
		A681D400289F358D00B9666C /* Build configuration list for PBXProject "VideoFounder" */ = {
			isa = XCConfigurationList;
			buildConfigurations = (
				A681D411289F358F00B9666C /* Debug */,
				A681D412289F358F00B9666C /* Release */,
			);
			defaultConfigurationIsVisible = 0;
			defaultConfigurationName = Release;
		};
		A681D413289F358F00B9666C /* Build configuration list for PBXNativeTarget "VideoFounder" */ = {
			isa = XCConfigurationList;
			buildConfigurations = (
				A681D414289F358F00B9666C /* Debug */,
				A681D415289F358F00B9666C /* Release */,
			);
			defaultConfigurationIsVisible = 0;
			defaultConfigurationName = Release;
		};
/* End XCConfigurationList section */
	};
	rootObject = A681D3FD289F358D00B9666C /* Project object */;
}
